
Microsoft Visual Studio Solution File, Format Version 12.00
# Visual Studio Version 17
VisualStudioVersion = 17.10.35027.167
MinimumVisualStudioVersion = 10.0.40219.1
Project("{FAE04EC0-301F-11D3-BF4B-00C04F79EFBC}") = "PocSecretToken", "PocSecretToken.csproj", "{8CAB44CE-3CAF-4BE3-BD5F-95E6DA9A3DD6}"
EndProject
Global
	GlobalSection(SolutionConfigurationPlatforms) = preSolution
		Debug|Any CPU = Debug|Any CPU
		Release|Any CPU = Release|Any CPU
	EndGlobalSection
	GlobalSection(ProjectConfigurationPlatforms) = postSolution
		{8CAB44CE-3CAF-4BE3-BD5F-95E6DA9A3DD6}.Debug|Any CPU.ActiveCfg = Debug|Any CPU
		{8CAB44CE-3CAF-4BE3-BD5F-95E6DA9A3DD6}.Debug|Any CPU.Build.0 = Debug|Any CPU
		{8CAB44CE-3CAF-4BE3-BD5F-95E6DA9A3DD6}.Release|Any CPU.ActiveCfg = Release|Any CPU
		{8CAB44CE-3CAF-4BE3-BD5F-95E6DA9A3DD6}.Release|Any CPU.Build.0 = Release|Any CPU
	EndGlobalSection
	GlobalSection(SolutionProperties) = preSolution
		HideSolutionNode = FALSE
	EndGlobalSection
	GlobalSection(ExtensibilityGlobals) = postSolution
		SolutionGuid = {7ECB4A90-8AD2-44FA-AB6D-9AF62CC1DB1D}
	EndGlobalSection
EndGlobal
